dependencies:
  date-fns: 2.30.0
lockfileVersion: 5.2
packages:
  /@babel/runtime/7.26.0:
    dependencies:
      regenerator-runtime: 0.14.1
    dev: false
    engines:
      node: '>=6.9.0'
    resolution:
      integrity: sha512-FDSOghenHTiToteC/QRlv2q3DhPZ/oOXTBoirfWNx1Cx3TMVcGWQtMMmQcSvb/JjpNeGzx8Pq/b4fKEJuWm1sw==
  /date-fns/2.30.0:
    dependencies:
      '@babel/runtime': 7.26.0
    dev: false
    engines:
      node: '>=0.11'
    resolution:
      integrity: sha512-fnULvOpxnC5/Vg3NCiWelDsLiUc9bRwAPs/+LfTLNvetFCtCTN+yQz15C/fs4AwX1R9K5GLtLfn8QW+dWisaAw==
  /regenerator-runtime/0.14.1:
    dev: false
    resolution:
      integrity: sha512-dYnhHh0nJoMfnkZs6GmmhFknAGRrLznOu5nc9ML+EJxGvrx6H7teuevqVqCuPcPK//3eDrrjQhehXVx9cnkGdw==
specifiers:
  date-fns: ^2.30.0
